
Microsoft Visual Studio Solution File, Format Version 12.00
# Visual Studio Version 16
VisualStudioVersion = 16.0.29102.190
MinimumVisualStudioVersion = 10.0.40219.1
Project("{FAE04EC0-301F-11D3-BF4B-00C04F79EFBC}") = "VendasMVC", "VendasMVC\VendasMVC.csproj", "{89A40167-4709-4ADB-8446-99E39DA0B561}"
EndProject
Global
	GlobalSection(SolutionConfigurationPlatforms) = preSolution
		Debug|Any CPU = Debug|Any CPU
		Release|Any CPU = Release|Any CPU
	EndGlobalSection
	GlobalSection(ProjectConfigurationPlatforms) = postSolution
		{89A40167-4709-4ADB-8446-99E39DA0B561}.Debug|Any CPU.ActiveCfg = Debug|Any CPU
		{89A40167-4709-4ADB-8446-99E39DA0B561}.Debug|Any CPU.Build.0 = Debug|Any CPU
		{89A40167-4709-4ADB-8446-99E39DA0B561}.Release|Any CPU.ActiveCfg = Release|Any CPU
		{89A40167-4709-4ADB-8446-99E39DA0B561}.Release|Any CPU.Build.0 = Release|Any CPU
	EndGlobalSection
	GlobalSection(SolutionProperties) = preSolution
		HideSolutionNode = FALSE
	EndGlobalSection
	GlobalSection(ExtensibilityGlobals) = postSolution
		SolutionGuid = {59E2255F-F505-4BED-864C-8E333E30D24F}
	EndGlobalSection
EndGlobal
